
Microsoft Visual Studio Solution File, Format Version 12.00
# Visual Studio Version 17
VisualStudioVersion = 17.9.34622.214
MinimumVisualStudioVersion = 10.0.40219.1
Project("{9A19103F-16F7-4668-BE54-9A1E7A4F7556}") = "WebApi", "WebApi\WebApi.csproj", "{489E8971-2CEB-4051-B2E6-793C2D247358}"
EndProject
Project("{9A19103F-16F7-4668-BE54-9A1E7A4F7556}") = "Infrastructure", "Infrastructure\Infrastructure.csproj", "{ACFFE596-9DF8-4B42-AA8D-638FA16A8C6F}"
EndProject
Project("{FAE04EC0-301F-11D3-BF4B-00C04F79EFBC}") = "Domain", "Domain\Domain.csproj", "{2C1D3273-BE43-455E-A318-C5AA10A1F3DC}"
EndProject
Project("{FAE04EC0-301F-11D3-BF4B-00C04F79EFBC}") = "Application", "Application\Application.csproj", "{D3BB1341-EA0E-4D2B-9524-33ADBDD9C2B6}"
EndProject
Global
	GlobalSection(SolutionConfigurationPlatforms) = preSolution
		Debug|Any CPU = Debug|Any CPU
		Release|Any CPU = Release|Any CPU
	EndGlobalSection
	GlobalSection(ProjectConfigurationPlatforms) = postSolution
		{489E8971-2CEB-4051-B2E6-793C2D247358}.Debug|Any CPU.ActiveCfg = Debug|Any CPU
		{489E8971-2CEB-4051-B2E6-793C2D247358}.Debug|Any CPU.Build.0 = Debug|Any CPU
		{489E8971-2CEB-4051-B2E6-793C2D247358}.Release|Any CPU.ActiveCfg = Release|Any CPU
		{489E8971-2CEB-4051-B2E6-793C2D247358}.Release|Any CPU.Build.0 = Release|Any CPU
		{ACFFE596-9DF8-4B42-AA8D-638FA16A8C6F}.Debug|Any CPU.ActiveCfg = Debug|Any CPU
		{ACFFE596-9DF8-4B42-AA8D-638FA16A8C6F}.Debug|Any CPU.Build.0 = Debug|Any CPU
		{ACFFE596-9DF8-4B42-AA8D-638FA16A8C6F}.Release|Any CPU.ActiveCfg = Release|Any CPU
		{ACFFE596-9DF8-4B42-AA8D-638FA16A8C6F}.Release|Any CPU.Build.0 = Release|Any CPU
		{2C1D3273-BE43-455E-A318-C5AA10A1F3DC}.Debug|Any CPU.ActiveCfg = Debug|Any CPU
		{2C1D3273-BE43-455E-A318-C5AA10A1F3DC}.Debug|Any CPU.Build.0 = Debug|Any CPU
		{2C1D3273-BE43-455E-A318-C5AA10A1F3DC}.Release|Any CPU.ActiveCfg = Release|Any CPU
		{2C1D3273-BE43-455E-A318-C5AA10A1F3DC}.Release|Any CPU.Build.0 = Release|Any CPU
		{D3BB1341-EA0E-4D2B-9524-33ADBDD9C2B6}.Debug|Any CPU.ActiveCfg = Debug|Any CPU
		{D3BB1341-EA0E-4D2B-9524-33ADBDD9C2B6}.Debug|Any CPU.Build.0 = Debug|Any CPU
		{D3BB1341-EA0E-4D2B-9524-33ADBDD9C2B6}.Release|Any CPU.ActiveCfg = Release|Any CPU
		{D3BB1341-EA0E-4D2B-9524-33ADBDD9C2B6}.Release|Any CPU.Build.0 = Release|Any CPU
	EndGlobalSection
	GlobalSection(SolutionProperties) = preSolution
		HideSolutionNode = FALSE
	EndGlobalSection
	GlobalSection(ExtensibilityGlobals) = postSolution
		SolutionGuid = {56C20473-6F2D-4FEA-B24D-7337589980BA}
	EndGlobalSection
EndGlobal
